
Microsoft Visual Studio Solution File, Format Version 12.00
# Visual Studio Version 16
VisualStudioVersion = 16.6.30114.105
MinimumVisualStudioVersion = 10.0.40219.1
Project("{FAE04EC0-301F-11D3-BF4B-00C04F79EFBC}") = "storage", "storage\storage.csproj", "{6831496A-8B72-43C8-9052-A5E1C42E0F2B}"
EndProject
Project("{FAE04EC0-301F-11D3-BF4B-00C04F79EFBC}") = "PuppetMaster", "PuppetMaster\PuppetMaster.csproj", "{0C3F944C-CA83-4717-A3A7-F3F726A6AF25}"
EndProject
Project("{FAE04EC0-301F-11D3-BF4B-00C04F79EFBC}") = "worker", "worker\worker.csproj", "{33938F0A-0FED-4575-BBDD-19F8F35C9D78}"
EndProject
Project("{FAE04EC0-301F-11D3-BF4B-00C04F79EFBC}") = "scheduler", "scheduler\scheduler.csproj", "{BD70D5D3-EB58-4E51-9D6C-998FB7826AC5}"
EndProject
Project("{FAE04EC0-301F-11D3-BF4B-00C04F79EFBC}") = "PCS", "PCS\PCS.csproj", "{4A490D65-E665-4DBB-900D-00782D6BB2D8}"
EndProject
Project("{FAE04EC0-301F-11D3-BF4B-00C04F79EFBC}") = "StorageTester", "StorageTester\StorageTester.csproj", "{D4B2469B-E636-4BCD-A1C5-F547D9D93385}"
EndProject
Project("{FAE04EC0-301F-11D3-BF4B-00C04F79EFBC}") = "StorageFrontend", "StorageFrontend\StorageFrontend.csproj", "{2894BB17-C882-414B-AF26-2D2C780B2902}"
EndProject
Global
	GlobalSection(SolutionConfigurationPlatforms) = preSolution
		Debug|Any CPU = Debug|Any CPU
		Debug|x64 = Debug|x64
		Debug|x86 = Debug|x86
		Release|Any CPU = Release|Any CPU
		Release|x64 = Release|x64
		Release|x86 = Release|x86
	EndGlobalSection
	GlobalSection(SolutionProperties) = preSolution
		HideSolutionNode = FALSE
	EndGlobalSection
	GlobalSection(ProjectConfigurationPlatforms) = postSolution
		{6831496A-8B72-43C8-9052-A5E1C42E0F2B}.Debug|Any CPU.ActiveCfg = Debug|Any CPU
		{6831496A-8B72-43C8-9052-A5E1C42E0F2B}.Debug|Any CPU.Build.0 = Debug|Any CPU
		{6831496A-8B72-43C8-9052-A5E1C42E0F2B}.Debug|x64.ActiveCfg = Debug|Any CPU
		{6831496A-8B72-43C8-9052-A5E1C42E0F2B}.Debug|x64.Build.0 = Debug|Any CPU
		{6831496A-8B72-43C8-9052-A5E1C42E0F2B}.Debug|x86.ActiveCfg = Debug|Any CPU
		{6831496A-8B72-43C8-9052-A5E1C42E0F2B}.Debug|x86.Build.0 = Debug|Any CPU
		{6831496A-8B72-43C8-9052-A5E1C42E0F2B}.Release|Any CPU.ActiveCfg = Release|Any CPU
		{6831496A-8B72-43C8-9052-A5E1C42E0F2B}.Release|Any CPU.Build.0 = Release|Any CPU
		{6831496A-8B72-43C8-9052-A5E1C42E0F2B}.Release|x64.ActiveCfg = Release|Any CPU
		{6831496A-8B72-43C8-9052-A5E1C42E0F2B}.Release|x64.Build.0 = Release|Any CPU
		{6831496A-8B72-43C8-9052-A5E1C42E0F2B}.Release|x86.ActiveCfg = Release|Any CPU
		{6831496A-8B72-43C8-9052-A5E1C42E0F2B}.Release|x86.Build.0 = Release|Any CPU
		{0C3F944C-CA83-4717-A3A7-F3F726A6AF25}.Debug|Any CPU.ActiveCfg = Debug|Any CPU
		{0C3F944C-CA83-4717-A3A7-F3F726A6AF25}.Debug|Any CPU.Build.0 = Debug|Any CPU
		{0C3F944C-CA83-4717-A3A7-F3F726A6AF25}.Debug|x64.ActiveCfg = Debug|Any CPU
		{0C3F944C-CA83-4717-A3A7-F3F726A6AF25}.Debug|x64.Build.0 = Debug|Any CPU
		{0C3F944C-CA83-4717-A3A7-F3F726A6AF25}.Debug|x86.ActiveCfg = Debug|Any CPU
		{0C3F944C-CA83-4717-A3A7-F3F726A6AF25}.Debug|x86.Build.0 = Debug|Any CPU
		{0C3F944C-CA83-4717-A3A7-F3F726A6AF25}.Release|Any CPU.ActiveCfg = Release|Any CPU
		{0C3F944C-CA83-4717-A3A7-F3F726A6AF25}.Release|Any CPU.Build.0 = Release|Any CPU
		{0C3F944C-CA83-4717-A3A7-F3F726A6AF25}.Release|x64.ActiveCfg = Release|Any CPU
		{0C3F944C-CA83-4717-A3A7-F3F726A6AF25}.Release|x64.Build.0 = Release|Any CPU
		{0C3F944C-CA83-4717-A3A7-F3F726A6AF25}.Release|x86.ActiveCfg = Release|Any CPU
		{0C3F944C-CA83-4717-A3A7-F3F726A6AF25}.Release|x86.Build.0 = Release|Any CPU
		{33938F0A-0FED-4575-BBDD-19F8F35C9D78}.Debug|Any CPU.ActiveCfg = Debug|Any CPU
		{33938F0A-0FED-4575-BBDD-19F8F35C9D78}.Debug|Any CPU.Build.0 = Debug|Any CPU
		{33938F0A-0FED-4575-BBDD-19F8F35C9D78}.Debug|x64.ActiveCfg = Debug|Any CPU
		{33938F0A-0FED-4575-BBDD-19F8F35C9D78}.Debug|x64.Build.0 = Debug|Any CPU
		{33938F0A-0FED-4575-BBDD-19F8F35C9D78}.Debug|x86.ActiveCfg = Debug|Any CPU
		{33938F0A-0FED-4575-BBDD-19F8F35C9D78}.Debug|x86.Build.0 = Debug|Any CPU
		{33938F0A-0FED-4575-BBDD-19F8F35C9D78}.Release|Any CPU.ActiveCfg = Release|Any CPU
		{33938F0A-0FED-4575-BBDD-19F8F35C9D78}.Release|Any CPU.Build.0 = Release|Any CPU
		{33938F0A-0FED-4575-BBDD-19F8F35C9D78}.Release|x64.ActiveCfg = Release|Any CPU
		{33938F0A-0FED-4575-BBDD-19F8F35C9D78}.Release|x64.Build.0 = Release|Any CPU
		{33938F0A-0FED-4575-BBDD-19F8F35C9D78}.Release|x86.ActiveCfg = Release|Any CPU
		{33938F0A-0FED-4575-BBDD-19F8F35C9D78}.Release|x86.Build.0 = Release|Any CPU
		{BD70D5D3-EB58-4E51-9D6C-998FB7826AC5}.Debug|Any CPU.ActiveCfg = Debug|Any CPU
		{BD70D5D3-EB58-4E51-9D6C-998FB7826AC5}.Debug|Any CPU.Build.0 = Debug|Any CPU
		{BD70D5D3-EB58-4E51-9D6C-998FB7826AC5}.Debug|x64.ActiveCfg = Debug|Any CPU
		{BD70D5D3-EB58-4E51-9D6C-998FB7826AC5}.Debug|x64.Build.0 = Debug|Any CPU
		{BD70D5D3-EB58-4E51-9D6C-998FB7826AC5}.Debug|x86.ActiveCfg = Debug|Any CPU
		{BD70D5D3-EB58-4E51-9D6C-998FB7826AC5}.Debug|x86.Build.0 = Debug|Any CPU
		{BD70D5D3-EB58-4E51-9D6C-998FB7826AC5}.Release|Any CPU.ActiveCfg = Release|Any CPU
		{BD70D5D3-EB58-4E51-9D6C-998FB7826AC5}.Release|Any CPU.Build.0 = Release|Any CPU
		{BD70D5D3-EB58-4E51-9D6C-998FB7826AC5}.Release|x64.ActiveCfg = Release|Any CPU
		{BD70D5D3-EB58-4E51-9D6C-998FB7826AC5}.Release|x64.Build.0 = Release|Any CPU
		{BD70D5D3-EB58-4E51-9D6C-998FB7826AC5}.Release|x86.ActiveCfg = Release|Any CPU
		{BD70D5D3-EB58-4E51-9D6C-998FB7826AC5}.Release|x86.Build.0 = Release|Any CPU
		{4A490D65-E665-4DBB-900D-00782D6BB2D8}.Debug|Any CPU.ActiveCfg = Debug|Any CPU
		{4A490D65-E665-4DBB-900D-00782D6BB2D8}.Debug|Any CPU.Build.0 = Debug|Any CPU
		{4A490D65-E665-4DBB-900D-00782D6BB2D8}.Debug|x64.ActiveCfg = Debug|Any CPU
		{4A490D65-E665-4DBB-900D-00782D6BB2D8}.Debug|x64.Build.0 = Debug|Any CPU
		{4A490D65-E665-4DBB-900D-00782D6BB2D8}.Debug|x86.ActiveCfg = Debug|Any CPU
		{4A490D65-E665-4DBB-900D-00782D6BB2D8}.Debug|x86.Build.0 = Debug|Any CPU
		{4A490D65-E665-4DBB-900D-00782D6BB2D8}.Release|Any CPU.ActiveCfg = Release|Any CPU
		{4A490D65-E665-4DBB-900D-00782D6BB2D8}.Release|Any CPU.Build.0 = Release|Any CPU
		{4A490D65-E665-4DBB-900D-00782D6BB2D8}.Release|x64.ActiveCfg = Release|Any CPU
		{4A490D65-E665-4DBB-900D-00782D6BB2D8}.Release|x64.Build.0 = Release|Any CPU
		{4A490D65-E665-4DBB-900D-00782D6BB2D8}.Release|x86.ActiveCfg = Release|Any CPU
		{4A490D65-E665-4DBB-900D-00782D6BB2D8}.Release|x86.Build.0 = Release|Any CPU
		{D4B2469B-E636-4BCD-A1C5-F547D9D93385}.Debug|Any CPU.ActiveCfg = Debug|Any CPU
		{D4B2469B-E636-4BCD-A1C5-F547D9D93385}.Debug|Any CPU.Build.0 = Debug|Any CPU
		{D4B2469B-E636-4BCD-A1C5-F547D9D93385}.Debug|x64.ActiveCfg = Debug|Any CPU
		{D4B2469B-E636-4BCD-A1C5-F547D9D93385}.Debug|x64.Build.0 = Debug|Any CPU
		{D4B2469B-E636-4BCD-A1C5-F547D9D93385}.Debug|x86.ActiveCfg = Debug|Any CPU
		{D4B2469B-E636-4BCD-A1C5-F547D9D93385}.Debug|x86.Build.0 = Debug|Any CPU
		{D4B2469B-E636-4BCD-A1C5-F547D9D93385}.Release|Any CPU.ActiveCfg = Release|Any CPU
		{D4B2469B-E636-4BCD-A1C5-F547D9D93385}.Release|Any CPU.Build.0 = Release|Any CPU
		{D4B2469B-E636-4BCD-A1C5-F547D9D93385}.Release|x64.ActiveCfg = Release|Any CPU
		{D4B2469B-E636-4BCD-A1C5-F547D9D93385}.Release|x64.Build.0 = Release|Any CPU
		{D4B2469B-E636-4BCD-A1C5-F547D9D93385}.Release|x86.ActiveCfg = Release|Any CPU
		{D4B2469B-E636-4BCD-A1C5-F547D9D93385}.Release|x86.Build.0 = Release|Any CPU
		{2894BB17-C882-414B-AF26-2D2C780B2902}.Debug|Any CPU.ActiveCfg = Debug|Any CPU
		{2894BB17-C882-414B-AF26-2D2C780B2902}.Debug|Any CPU.Build.0 = Debug|Any CPU
		{2894BB17-C882-414B-AF26-2D2C780B2902}.Debug|x64.ActiveCfg = Debug|Any CPU
		{2894BB17-C882-414B-AF26-2D2C780B2902}.Debug|x64.Build.0 = Debug|Any CPU
		{2894BB17-C882-414B-AF26-2D2C780B2902}.Debug|x86.ActiveCfg = Debug|Any CPU
		{2894BB17-C882-414B-AF26-2D2C780B2902}.Debug|x86.Build.0 = Debug|Any CPU
		{2894BB17-C882-414B-AF26-2D2C780B2902}.Release|Any CPU.ActiveCfg = Release|Any CPU
		{2894BB17-C882-414B-AF26-2D2C780B2902}.Release|Any CPU.Build.0 = Release|Any CPU
		{2894BB17-C882-414B-AF26-2D2C780B2902}.Release|x64.ActiveCfg = Release|Any CPU
		{2894BB17-C882-414B-AF26-2D2C780B2902}.Release|x64.Build.0 = Release|Any CPU
		{2894BB17-C882-414B-AF26-2D2C780B2902}.Release|x86.ActiveCfg = Release|Any CPU
		{2894BB17-C882-414B-AF26-2D2C780B2902}.Release|x86.Build.0 = Release|Any CPU
	EndGlobalSection
EndGlobal
